
Microsoft Visual Studio Solution File, Format Version 12.00
Project("{FAE04EC0-301F-11D3-BF4B-00C04F79EFBC}") = "Laba2", "Laba2\Laba2.csproj", "{ABA17BC2-A6F4-4742-A55F-B30C056C9F50}"
EndProject
Project("{FAE04EC0-301F-11D3-BF4B-00C04F79EFBC}") = "Override", "Override\Override.csproj", "{3F92B1EC-2A23-41E0-80AC-31620E42D9C8}"
EndProject
Global
	GlobalSection(SolutionConfigurationPlatforms) = preSolution
		Debug|Any CPU = Debug|Any CPU
		Release|Any CPU = Release|Any CPU
	EndGlobalSection
	GlobalSection(ProjectConfigurationPlatforms) = postSolution
		{ABA17BC2-A6F4-4742-A55F-B30C056C9F50}.Debug|Any CPU.ActiveCfg = Debug|Any CPU
		{ABA17BC2-A6F4-4742-A55F-B30C056C9F50}.Debug|Any CPU.Build.0 = Debug|Any CPU
		{ABA17BC2-A6F4-4742-A55F-B30C056C9F50}.Release|Any CPU.ActiveCfg = Release|Any CPU
		{ABA17BC2-A6F4-4742-A55F-B30C056C9F50}.Release|Any CPU.Build.0 = Release|Any CPU
		{3F92B1EC-2A23-41E0-80AC-31620E42D9C8}.Debug|Any CPU.ActiveCfg = Debug|Any CPU
		{3F92B1EC-2A23-41E0-80AC-31620E42D9C8}.Debug|Any CPU.Build.0 = Debug|Any CPU
		{3F92B1EC-2A23-41E0-80AC-31620E42D9C8}.Release|Any CPU.ActiveCfg = Release|Any CPU
		{3F92B1EC-2A23-41E0-80AC-31620E42D9C8}.Release|Any CPU.Build.0 = Release|Any CPU
	EndGlobalSection
EndGlobal
